{
  "name": "plain-html",
  "version": "1.0.0",
  "lockfileVersion": 2,
  "requires": true,
  "packages": {
    "": {
      "name": "plain-html",
      "version": "1.0.0",
      "license": "Apache",
      "devDependencies": {
        "ids-enterprise-wc": "^1.0.0-beta.7"
      }
    },
    "node_modules/ids-enterprise-wc": {
      "version": "1.0.0-beta.7",
      "resolved": "https://registry.npmjs.org/ids-enterprise-wc/-/ids-enterprise-wc-1.0.0-beta.7.tgz",
      "integrity": "sha512-0JOeRNhp5jxQS4IpLF28GOh6M30AsAU6kSVOkygpNfdDc1PYtrZFeiT3fYTOy1F0bspMTHtM7dgICvR1ZRdktQ==",
      "dev": true
    }
  },
  "dependencies": {
    "ids-enterprise-wc": {
      "version": "1.0.0-beta.7",
      "resolved": "https://registry.npmjs.org/ids-enterprise-wc/-/ids-enterprise-wc-1.0.0-beta.7.tgz",
      "integrity": "sha512-0JOeRNhp5jxQS4IpLF28GOh6M30AsAU6kSVOkygpNfdDc1PYtrZFeiT3fYTOy1F0bspMTHtM7dgICvR1ZRdktQ==",
      "dev": true
    }
  }
}
