{
  "name": "plain-html",
  "version": "1.0.0",
  "lockfileVersion": 2,
  "requires": true,
  "packages": {
    "": {
      "name": "plain-html",
      "version": "1.0.0",
      "license": "Apache",
      "devDependencies": {
        "ids-enterprise-wc": "^1.0.0-beta.11"
      }
    },
    "node_modules/ids-enterprise-wc": {
      "version": "1.0.0-beta.11",
      "resolved": "https://registry.npmjs.org/ids-enterprise-wc/-/ids-enterprise-wc-1.0.0-beta.11.tgz",
      "integrity": "sha512-m75BPECjs0CaS4kcUTm1ew/8vicnJmpBFjruUfl1mEmOxgCT9QPDpCWIwkSn/ZIbWh9UnrN5nCfpGrFlIrSckw==",
      "dev": true
    }
  },
  "dependencies": {
    "ids-enterprise-wc": {
      "version": "1.0.0-beta.11",
      "resolved": "https://registry.npmjs.org/ids-enterprise-wc/-/ids-enterprise-wc-1.0.0-beta.11.tgz",
      "integrity": "sha512-m75BPECjs0CaS4kcUTm1ew/8vicnJmpBFjruUfl1mEmOxgCT9QPDpCWIwkSn/ZIbWh9UnrN5nCfpGrFlIrSckw==",
      "dev": true
    }
  }
}
