{
  "name": "plain-html",
  "version": "1.0.0",
  "lockfileVersion": 2,
  "requires": true,
  "packages": {
    "": {
      "name": "plain-html",
      "version": "1.0.0",
      "license": "Apache",
      "devDependencies": {
        "ids-enterprise-wc": "1.0.0-beta.19"
      }
    },
    "node_modules/ids-enterprise-wc": {
      "version": "1.0.0-beta.19",
      "resolved": "https://registry.npmjs.org/ids-enterprise-wc/-/ids-enterprise-wc-1.0.0-beta.19.tgz",
      "integrity": "sha512-mZHZB63Gj5MmZUSiRef/OfC0RmG7OyojlHLQ1siLwgs5w+y2+x5CqhRRDo2sfyMFUX6LnCodaBWAbZTCjLwjNA==",
      "dev": true
    }
  },
  "dependencies": {
    "ids-enterprise-wc": {
      "version": "1.0.0-beta.19",
      "resolved": "https://registry.npmjs.org/ids-enterprise-wc/-/ids-enterprise-wc-1.0.0-beta.19.tgz",
      "integrity": "sha512-mZHZB63Gj5MmZUSiRef/OfC0RmG7OyojlHLQ1siLwgs5w+y2+x5CqhRRDo2sfyMFUX6LnCodaBWAbZTCjLwjNA==",
      "dev": true
    }
  }
}
